# THIS IS AN AUTOGENERATED FILE. DO NOT EDIT THIS FILE DIRECTLY.
# yarn lockfile v1


lodash@^4.15.0:
  version "4.17.10"
  resolved "https://registry.yarnpkg.com/lodash/-/lodash-4.17.10.tgz#1b7793cf7259ea38fb3661d4d38b3260af8ae4e7"

simple-markdown@^0.4.1:
  version "0.4.1"
  resolved "https://registry.yarnpkg.com/simple-markdown/-/simple-markdown-0.4.1.tgz#dcea6afee54c964327f9c1e91b7ea22efd08cf04"
